// !$*UTF8*$!
{
	archiveVersion = 1;
	classes = {
	};
	objectVersion = 77;
	objects = {

/* Begin PBXContainerItemProxy section */
		D0591B4D2F2F1BB100AE7947 /* PBXContainerItemProxy */ = {
			isa = PBXContainerItemProxy;
			containerPortal = D0591B332F2F1BAF00AE7947 /* Project object */;
			proxyType = 1;
			remoteGlobalIDString = D0591B3A2F2F1BAF00AE7947;
			remoteInfo = "Film Data Tagger";
		};
		D0591B572F2F1BB100AE7947 /* PBXContainerItemProxy */ = {
			isa = PBXContainerItemProxy;
			containerPortal = D0591B332F2F1BAF00AE7947 /* Project object */;
			proxyType = 1;
			remoteGlobalIDString = D0591B3A2F2F1BAF00AE7947;
			remoteInfo = "Film Data Tagger";
		};
/* End PBXContainerItemProxy section */

/* Begin PBXFileReference section */
		D0591B3B2F2F1BAF00AE7947 /* Film Data Tagger.app */ = {isa = PBXFileReference; explicitFileType = wrapper.application; includeInIndex = 0; path = "Film Data Tagger.app"; sourceTree = BUILT_PRODUCTS_DIR; };
		D0591B4C2F2F1BB100AE7947 /* Film Data TaggerTests.xctest */ = {isa = PBXFileReference; explicitFileType = wrapper.cfbundle; includeInIndex = 0; path = "Film Data TaggerTests.xctest"; sourceTree = BUILT_PRODUCTS_DIR; };
		D0591B562F2F1BB100AE7947 /* Film Data TaggerUITests.xctest */ = {isa = PBXFileReference; explicitFileType = wrapper.cfbundle; includeInIndex = 0; path = "Film Data TaggerUITests.xctest"; sourceTree = BUILT_PRODUCTS_DIR; };
/* End PBXFileReference section */

/* Begin PBXFileSystemSynchronizedBuildFileExceptionSet section */
		D0591B5E2F2F1BB100AE7947 /* Exceptions for "Film Data Tagger" folder in "Film Data Tagger" target */ = {
			isa = PBXFileSystemSynchronizedBuildFileExceptionSet;
			membershipExceptions = (
				Info.plist,
			);
			target = D0591B3A2F2F1BAF00AE7947 /* Film Data Tagger */;
		};
/* End PBXFileSystemSynchronizedBuildFileExceptionSet section */

/* Begin PBXFileSystemSynchronizedRootGroup section */
		D0591B3D2F2F1BAF00AE7947 /* Film Data Tagger */ = {
			isa = PBXFileSystemSynchronizedRootGroup;
			exceptions = (
				D0591B5E2F2F1BB100AE7947 /* Exceptions for "Film Data Tagger" folder in "Film Data Tagger" target */,
			);
			path = "Film Data Tagger";
			sourceTree = "<group>";
		};
		D0591B4F2F2F1BB100AE7947 /* Film Data TaggerTests */ = {
			isa = PBXFileSystemSynchronizedRootGroup;
			path = "Film Data TaggerTests";
			sourceTree = "<group>";
		};
		D0591B592F2F1BB100AE7947 /* Film Data TaggerUITests */ = {
			isa = PBXFileSystemSynchronizedRootGroup;
			path = "Film Data TaggerUITests";
			sourceTree = "<group>";
		};
/* End PBXFileSystemSynchronizedRootGroup section */

/* Begin PBXFrameworksBuildPhase section */
		D0591B382F2F1BAF00AE7947 /* Frameworks */ = {
			isa = PBXFrameworksBuildPhase;
			buildActionMask = 2147483647;
			files = (
			);
			runOnlyForDeploymentPostprocessing = 0;
		};
		D0591B492F2F1BB100AE7947 /* Frameworks */ = {
			isa = PBXFrameworksBuildPhase;
			buildActionMask = 2147483647;
			files = (
			);
			runOnlyForDeploymentPostprocessing = 0;
		};
		D0591B532F2F1BB100AE7947 /* Frameworks */ = {
			isa = PBXFrameworksBuildPhase;
			buildActionMask = 2147483647;
			files = (
			);
			runOnlyForDeploymentPostprocessing = 0;
		};
/* End PBXFrameworksBuildPhase section */

/* Begin PBXGroup section */
		D0591B322F2F1BAF00AE7947 = {
			isa = PBXGroup;
			children = (
				D0591B3D2F2F1BAF00AE7947 /* Film Data Tagger */,
				D0591B4F2F2F1BB100AE7947 /* Film Data TaggerTests */,
				D0591B592F2F1BB100AE7947 /* Film Data TaggerUITests */,
				D0591B3C2F2F1BAF00AE7947 /* Products */,
			);
			sourceTree = "<group>";
		};
		D0591B3C2F2F1BAF00AE7947 /* Products */ = {
			isa = PBXGroup;
			children = (
				D0591B3B2F2F1BAF00AE7947 /* Film Data Tagger.app */,
				D0591B4C2F2F1BB100AE7947 /* Film Data TaggerTests.xctest */,
				D0591B562F2F1BB100AE7947 /* Film Data TaggerUITests.xctest */,
			);
			name = Products;
			sourceTree = "<group>";
		};
/* End PBXGroup section */

/* Begin PBXNativeTarget section */
		D0591B3A2F2F1BAF00AE7947 /* Film Data Tagger */ = {
			isa = PBXNativeTarget;
			buildConfigurationList = D0591B5F2F2F1BB100AE7947 /* Build configuration list for PBXNativeTarget "Film Data Tagger" */;
			buildPhases = (
				D0591B372F2F1BAF00AE7947 /* Sources */,
				D0591B382F2F1BAF00AE7947 /* Frameworks */,
				D0591B392F2F1BAF00AE7947 /* Resources */,
			);
			buildRules = (
			);
			dependencies = (
			);
			fileSystemSynchronizedGroups = (
				D0591B3D2F2F1BAF00AE7947 /* Film Data Tagger */,
			);
			name = "Film Data Tagger";
			packageProductDependencies = (
			);
			productName = "Film Data Tagger";
			productReference = D0591B3B2F2F1BAF00AE7947 /* Film Data Tagger.app */;
			productType = "com.apple.product-type.application";
		};
		D0591B4B2F2F1BB100AE7947 /* Film Data TaggerTests */ = {
			isa = PBXNativeTarget;
			buildConfigurationList = D0591B642F2F1BB100AE7947 /* Build configuration list for PBXNativeTarget "Film Data TaggerTests" */;
			buildPhases = (
				D0591B482F2F1BB100AE7947 /* Sources */,
				D0591B492F2F1BB100AE7947 /* Frameworks */,
				D0591B4A2F2F1BB100AE7947 /* Resources */,
			);
			buildRules = (
			);
			dependencies = (
				D0591B4E2F2F1BB100AE7947 /* PBXTargetDependency */,
			);
			fileSystemSynchronizedGroups = (
				D0591B4F2F2F1BB100AE7947 /* Film Data TaggerTests */,
			);
			name = "Film Data TaggerTests";
			packageProductDependencies = (
			);
			productName = "Film Data TaggerTests";
			productReference = D0591B4C2F2F1BB100AE7947 /* Film Data TaggerTests.xctest */;
			productType = "com.apple.product-type.bundle.unit-test";
		};
		D0591B552F2F1BB100AE7947 /* Film Data TaggerUITests */ = {
			isa = PBXNativeTarget;
			buildConfigurationList = D0591B672F2F1BB100AE7947 /* Build configuration list for PBXNativeTarget "Film Data TaggerUITests" */;
			buildPhases = (
				D0591B522F2F1BB100AE7947 /* Sources */,
				D0591B532F2F1BB100AE7947 /* Frameworks */,
				D0591B542F2F1BB100AE7947 /* Resources */,
			);
			buildRules = (
			);
			dependencies = (
				D0591B582F2F1BB100AE7947 /* PBXTargetDependency */,
			);
			fileSystemSynchronizedGroups = (
				D0591B592F2F1BB100AE7947 /* Film Data TaggerUITests */,
			);
			name = "Film Data TaggerUITests";
			packageProductDependencies = (
			);
			productName = "Film Data TaggerUITests";
			productReference = D0591B562F2F1BB100AE7947 /* Film Data TaggerUITests.xctest */;
			productType = "com.apple.product-type.bundle.ui-testing";
		};
/* End PBXNativeTarget section */

/* Begin PBXProject section */
		D0591B332F2F1BAF00AE7947 /* Project object */ = {
			isa = PBXProject;
			attributes = {
				BuildIndependentTargetsInParallel = 1;
				LastSwiftUpdateCheck = 2620;
				LastUpgradeCheck = 2620;
				TargetAttributes = {
					D0591B3A2F2F1BAF00AE7947 = {
						CreatedOnToolsVersion = 26.2;
					};
					D0591B4B2F2F1BB100AE7947 = {
						CreatedOnToolsVersion = 26.2;
						TestTargetID = D0591B3A2F2F1BAF00AE7947;
					};
					D0591B552F2F1BB100AE7947 = {
						CreatedOnToolsVersion = 26.2;
						TestTargetID = D0591B3A2F2F1BAF00AE7947;
					};
				};
			};
			buildConfigurationList = D0591B362F2F1BAF00AE7947 /* Build configuration list for PBXProject "Film Data Tagger" */;
			developmentRegion = en;
			hasScannedForEncodings = 0;
			knownRegions = (
				en,
				Base,
			);
			mainGroup = D0591B322F2F1BAF00AE7947;
			minimizedProjectReferenceProxies = 1;
			packageReferences = (
			);
			preferredProjectObjectVersion = 77;
			productRefGroup = D0591B3C2F2F1BAF00AE7947 /* Products */;
			projectDirPath = "";
			projectRoot = "";
			targets = (
				D0591B3A2F2F1BAF00AE7947 /* Film Data Tagger */,
				D0591B4B2F2F1BB100AE7947 /* Film Data TaggerTests */,
				D0591B552F2F1BB100AE7947 /* Film Data TaggerUITests */,
			);
		};
/* End PBXProject section */

/* Begin PBXResourcesBuildPhase section */
		D0591B392F2F1BAF00AE7947 /* Resources */ = {
			isa = PBXResourcesBuildPhase;
			buildActionMask = 2147483647;
			files = (
			);
			runOnlyForDeploymentPostprocessing = 0;
		};
		D0591B4A2F2F1BB100AE7947 /* Resources */ = {
			isa = PBXResourcesBuildPhase;
			buildActionMask = 2147483647;
			files = (
			);
			runOnlyForDeploymentPostprocessing = 0;
		};
		D0591B542F2F1BB100AE7947 /* Resources */ = {
			isa = PBXResourcesBuildPhase;
			buildActionMask = 2147483647;
			files = (
			);
			runOnlyForDeploymentPostprocessing = 0;
		};
/* End PBXResourcesBuildPhase section */

/* Begin PBXSourcesBuildPhase section */
		D0591B372F2F1BAF00AE7947 /* Sources */ = {
			isa = PBXSourcesBuildPhase;
			buildActionMask = 2147483647;
			files = (
			);
			runOnlyForDeploymentPostprocessing = 0;
		};
		D0591B482F2F1BB100AE7947 /* Sources */ = {
			isa = PBXSourcesBuildPhase;
			buildActionMask = 2147483647;
			files = (
			);
			runOnlyForDeploymentPostprocessing = 0;
		};
		D0591B522F2F1BB100AE7947 /* Sources */ = {
			isa = PBXSourcesBuildPhase;
			buildActionMask = 2147483647;
			files = (
			);
			runOnlyForDeploymentPostprocessing = 0;
		};
/* End PBXSourcesBuildPhase section */

/* Begin PBXTargetDependency section */
		D0591B4E2F2F1BB100AE7947 /* PBXTargetDependency */ = {
			isa = PBXTargetDependency;
			target = D0591B3A2F2F1BAF00AE7947 /* Film Data Tagger */;
			targetProxy = D0591B4D2F2F1BB100AE7947 /* PBXContainerItemProxy */;
		};
		D0591B582F2F1BB100AE7947 /* PBXTargetDependency */ = {
			isa = PBXTargetDependency;
			target = D0591B3A2F2F1BAF00AE7947 /* Film Data Tagger */;
			targetProxy = D0591B572F2F1BB100AE7947 /* PBXContainerItemProxy */;
		};
/* End PBXTargetDependency section */

/* Begin XCBuildConfiguration section */
		D0591B602F2F1BB100AE7947 /* Debug */ = {
			isa = XCBuildConfiguration;
			buildSettings = {
				ASSETCATALOG_COMPILER_APPICON_NAME = AppIcon;
				ASSETCATALOG_COMPILER_GLOBAL_ACCENT_COLOR_NAME = AccentColor;
				CODE_SIGN_ENTITLEMENTS = "Film Data Tagger/Film_Data_Tagger.entitlements";
				CODE_SIGN_STYLE = Automatic;
				CURRENT_PROJECT_VERSION = 2;
				DEVELOPMENT_ASSET_PATHS = "";
				DEVELOPMENT_TEAM = 9K2XM38XLK;
				ENABLE_PREVIEWS = YES;
				GENERATE_INFOPLIST_FILE = YES;
				INFOPLIST_FILE = "Film Data Tagger/Info.plist";
				INFOPLIST_KEY_CFBundleDisplayName = Sprokbook;
				INFOPLIST_KEY_LSApplicationCategoryType = "public.app-category.photography";
				INFOPLIST_KEY_NSCameraUsageDescription = "Sprokbook uses your camera to capture a reference photo of the scene with each exposure.";
				INFOPLIST_KEY_NSLocationWhenInUseUsageDescription = "Sprokbook uses your location to tag where each photo was taken.";
				INFOPLIST_KEY_UIApplicationSceneManifest_Generation = YES;
				INFOPLIST_KEY_UIApplicationSupportsIndirectInputEvents = YES;
				INFOPLIST_KEY_UILaunchScreen_Generation = YES;
				INFOPLIST_KEY_UISupportedInterfaceOrientations = UIInterfaceOrientationPortrait;
				INFOPLIST_KEY_UISupportedInterfaceOrientations_iPad = "UIInterfaceOrientationLandscapeLeft UIInterfaceOrientationLandscapeRight UIInterfaceOrientationPortrait UIInterfaceOrientationPortraitUpsideDown";
				IPHONEOS_DEPLOYMENT_TARGET = 18.0;
				LD_RUNPATH_SEARCH_PATHS = (
					"$(inherited)",
					"@executable_path/Frameworks",
				);
				MARKETING_VERSION = 1.0.0;
				PRODUCT_BUNDLE_IDENTIFIER = com.sprokbook;
				PRODUCT_NAME = "$(TARGET_NAME)";
				STRING_CATALOG_GENERATE_SYMBOLS = YES;
				SUPPORTED_PLATFORMS = "iphoneos iphonesimulator";
				SUPPORTS_MACCATALYST = NO;
				SUPPORTS_MAC_DESIGNED_FOR_IPHONE_IPAD = NO;
				SUPPORTS_XR_DESIGNED_FOR_IPHONE_IPAD = NO;
				SWIFT_APPROACHABLE_CONCURRENCY = YES;
				SWIFT_DEFAULT_ACTOR_ISOLATION = MainActor;
				SWIFT_EMIT_LOC_STRINGS = YES;
				SWIFT_UPCOMING_FEATURE_MEMBER_IMPORT_VISIBILITY = YES;
				SWIFT_VERSION = 5.0;
				TARGETED_DEVICE_FAMILY = 1;
			};
			name = Debug;
		};
		D0591B612F2F1BB100AE7947 /* Release */ = {
			isa = XCBuildConfiguration;
			buildSettings = {
				ASSETCATALOG_COMPILER_APPICON_NAME = AppIcon;
				ASSETCATALOG_COMPILER_GLOBAL_ACCENT_COLOR_NAME = AccentColor;
				CODE_SIGN_ENTITLEMENTS = "Film Data Tagger/Film_Data_Tagger.entitlements";
				CODE_SIGN_STYLE = Automatic;
				CURRENT_PROJECT_VERSION = 2;
				DEVELOPMENT_ASSET_PATHS = "\"Film Data Tagger/Assets.xcassets/test-image.imageset\"";
				DEVELOPMENT_TEAM = 9K2XM38XLK;
				ENABLE_PREVIEWS = YES;
				GENERATE_INFOPLIST_FILE = YES;
				INFOPLIST_FILE = "Film Data Tagger/Info.plist";
				INFOPLIST_KEY_CFBundleDisplayName = Sprokbook;
				INFOPLIST_KEY_LSApplicationCategoryType = "public.app-category.photography";
				INFOPLIST_KEY_NSCameraUsageDescription = "Sprokbook uses your camera to capture a reference photo of the scene with each exposure.";
				INFOPLIST_KEY_NSLocationWhenInUseUsageDescription = "Sprokbook uses your location to tag where each photo was taken.";
				INFOPLIST_KEY_UIApplicationSceneManifest_Generation = YES;
				INFOPLIST_KEY_UIApplicationSupportsIndirectInputEvents = YES;
				INFOPLIST_KEY_UILaunchScreen_Generation = YES;
				INFOPLIST_KEY_UISupportedInterfaceOrientations = UIInterfaceOrientationPortrait;
				INFOPLIST_KEY_UISupportedInterfaceOrientations_iPad = "UIInterfaceOrientationLandscapeLeft UIInterfaceOrientationLandscapeRight UIInterfaceOrientationPortrait UIInterfaceOrientationPortraitUpsideDown";
				IPHONEOS_DEPLOYMENT_TARGET = 18.0;
				LD_RUNPATH_SEARCH_PATHS = (
					"$(inherited)",
					"@executable_path/Frameworks",
				);
				MARKETING_VERSION = 1.0.0;
				PRODUCT_BUNDLE_IDENTIFIER = com.sprokbook;
				PRODUCT_NAME = "$(TARGET_NAME)";
				STRING_CATALOG_GENERATE_SYMBOLS = YES;
				SUPPORTED_PLATFORMS = "iphoneos iphonesimulator";
				SUPPORTS_MACCATALYST = NO;
				SUPPORTS_MAC_DESIGNED_FOR_IPHONE_IPAD = NO;
				SUPPORTS_XR_DESIGNED_FOR_IPHONE_IPAD = NO;
				SWIFT_APPROACHABLE_CONCURRENCY = YES;
				SWIFT_DEFAULT_ACTOR_ISOLATION = MainActor;
				SWIFT_EMIT_LOC_STRINGS = YES;
				SWIFT_UPCOMING_FEATURE_MEMBER_IMPORT_VISIBILITY = YES;
				SWIFT_VERSION = 5.0;
				TARGETED_DEVICE_FAMILY = 1;
			};
			name = Release;
		};
		D0591B622F2F1BB100AE7947 /* Debug */ = {
			isa = XCBuildConfiguration;
			buildSettings = {
				ALWAYS_SEARCH_USER_PATHS = NO;
				ASSETCATALOG_COMPILER_GENERATE_SWIFT_ASSET_SYMBOL_EXTENSIONS = YES;
				CLANG_ANALYZER_NONNULL = YES;
				CLANG_ANALYZER_NUMBER_OBJECT_CONVERSION = YES_AGGRESSIVE;
				CLANG_CXX_LANGUAGE_STANDARD = "gnu++20";
				CLANG_ENABLE_MODULES = YES;
				CLANG_ENABLE_OBJC_ARC = YES;
				CLANG_ENABLE_OBJC_WEAK = YES;
				CLANG_WARN_BLOCK_CAPTURE_AUTORELEASING = YES;
				CLANG_WARN_BOOL_CONVERSION = YES;
				CLANG_WARN_COMMA = YES;
				CLANG_WARN_CONSTANT_CONVERSION = YES;
				CLANG_WARN_DEPRECATED_OBJC_IMPLEMENTATIONS = YES;
				CLANG_WARN_DIRECT_OBJC_ISA_USAGE = YES_ERROR;
				CLANG_WARN_DOCUMENTATION_COMMENTS = YES;
				CLANG_WARN_EMPTY_BODY = YES;
				CLANG_WARN_ENUM_CONVERSION = YES;
				CLANG_WARN_INFINITE_RECURSION = YES;
				CLANG_WARN_INT_CONVERSION = YES;
				CLANG_WARN_NON_LITERAL_NULL_CONVERSION = YES;
				CLANG_WARN_OBJC_IMPLICIT_RETAIN_SELF = YES;
				CLANG_WARN_OBJC_LITERAL_CONVERSION = YES;
				CLANG_WARN_OBJC_ROOT_CLASS = YES_ERROR;
				CLANG_WARN_QUOTED_INCLUDE_IN_FRAMEWORK_HEADER = YES;
				CLANG_WARN_RANGE_LOOP_ANALYSIS = YES;
				CLANG_WARN_STRICT_PROTOTYPES = YES;
				CLANG_WARN_SUSPICIOUS_MOVE = YES;
				CLANG_WARN_UNGUARDED_AVAILABILITY = YES_AGGRESSIVE;
				CLANG_WARN_UNREACHABLE_CODE = YES;
				CLANG_WARN__DUPLICATE_METHOD_MATCH = YES;
				COPY_PHASE_STRIP = NO;
				DEBUG_INFORMATION_FORMAT = dwarf;
				DEVELOPMENT_TEAM = 9K2XM38XLK;
				ENABLE_STRICT_OBJC_MSGSEND = YES;
				ENABLE_TESTABILITY = YES;
				ENABLE_USER_SCRIPT_SANDBOXING = YES;
				GCC_C_LANGUAGE_STANDARD = gnu17;
				GCC_DYNAMIC_NO_PIC = NO;
				GCC_NO_COMMON_BLOCKS = YES;
				GCC_OPTIMIZATION_LEVEL = 0;
				GCC_PREPROCESSOR_DEFINITIONS = (
					"DEBUG=1",
					"$(inherited)",
				);
				GCC_WARN_64_TO_32_BIT_CONVERSION = YES;
				GCC_WARN_ABOUT_RETURN_TYPE = YES_ERROR;
				GCC_WARN_UNDECLARED_SELECTOR = YES;
				GCC_WARN_UNINITIALIZED_AUTOS = YES_AGGRESSIVE;
				GCC_WARN_UNUSED_FUNCTION = YES;
				GCC_WARN_UNUSED_VARIABLE = YES;
				IPHONEOS_DEPLOYMENT_TARGET = 26.2;
				LOCALIZATION_PREFERS_STRING_CATALOGS = YES;
				MTL_ENABLE_DEBUG_INFO = INCLUDE_SOURCE;
				MTL_FAST_MATH = YES;
				ONLY_ACTIVE_ARCH = YES;
				SDKROOT = iphoneos;
				SWIFT_ACTIVE_COMPILATION_CONDITIONS = "DEBUG $(inherited)";
				SWIFT_OPTIMIZATION_LEVEL = "-Onone";
			};
			name = Debug;
		};
		D0591B632F2F1BB100AE7947 /* Release */ = {
			isa = XCBuildConfiguration;
			buildSettings = {
				ALWAYS_SEARCH_USER_PATHS = NO;
				ASSETCATALOG_COMPILER_GENERATE_SWIFT_ASSET_SYMBOL_EXTENSIONS = YES;
				CLANG_ANALYZER_NONNULL = YES;
				CLANG_ANALYZER_NUMBER_OBJECT_CONVERSION = YES_AGGRESSIVE;
				CLANG_CXX_LANGUAGE_STANDARD = "gnu++20";
				CLANG_ENABLE_MODULES = YES;
				CLANG_ENABLE_OBJC_ARC = YES;
				CLANG_ENABLE_OBJC_WEAK = YES;
				CLANG_WARN_BLOCK_CAPTURE_AUTORELEASING = YES;
				CLANG_WARN_BOOL_CONVERSION = YES;
				CLANG_WARN_COMMA = YES;
				CLANG_WARN_CONSTANT_CONVERSION = YES;
				CLANG_WARN_DEPRECATED_OBJC_IMPLEMENTATIONS = YES;
				CLANG_WARN_DIRECT_OBJC_ISA_USAGE = YES_ERROR;
				CLANG_WARN_DOCUMENTATION_COMMENTS = YES;
				CLANG_WARN_EMPTY_BODY = YES;
				CLANG_WARN_ENUM_CONVERSION = YES;
				CLANG_WARN_INFINITE_RECURSION = YES;
				CLANG_WARN_INT_CONVERSION = YES;
				CLANG_WARN_NON_LITERAL_NULL_CONVERSION = YES;
				CLANG_WARN_OBJC_IMPLICIT_RETAIN_SELF = YES;
				CLANG_WARN_OBJC_LITERAL_CONVERSION = YES;
				CLANG_WARN_OBJC_ROOT_CLASS = YES_ERROR;
				CLANG_WARN_QUOTED_INCLUDE_IN_FRAMEWORK_HEADER = YES;
				CLANG_WARN_RANGE_LOOP_ANALYSIS = YES;
				CLANG_WARN_STRICT_PROTOTYPES = YES;
				CLANG_WARN_SUSPICIOUS_MOVE = YES;
				CLANG_WARN_UNGUARDED_AVAILABILITY = YES_AGGRESSIVE;
				CLANG_WARN_UNREACHABLE_CODE = YES;
				CLANG_WARN__DUPLICATE_METHOD_MATCH = YES;
				COPY_PHASE_STRIP = NO;
				DEBUG_INFORMATION_FORMAT = "dwarf-with-dsym";
				DEVELOPMENT_TEAM = 9K2XM38XLK;
				ENABLE_NS_ASSERTIONS = NO;
				ENABLE_STRICT_OBJC_MSGSEND = YES;
				ENABLE_USER_SCRIPT_SANDBOXING = YES;
				GCC_C_LANGUAGE_STANDARD = gnu17;
				GCC_NO_COMMON_BLOCKS = YES;
				GCC_WARN_64_TO_32_BIT_CONVERSION = YES;
				GCC_WARN_ABOUT_RETURN_TYPE = YES_ERROR;
				GCC_WARN_UNDECLARED_SELECTOR = YES;
				GCC_WARN_UNINITIALIZED_AUTOS = YES_AGGRESSIVE;
				GCC_WARN_UNUSED_FUNCTION = YES;
				GCC_WARN_UNUSED_VARIABLE = YES;
				IPHONEOS_DEPLOYMENT_TARGET = 26.2;
				LOCALIZATION_PREFERS_STRING_CATALOGS = YES;
				MTL_ENABLE_DEBUG_INFO = NO;
				MTL_FAST_MATH = YES;
				SDKROOT = iphoneos;
				SWIFT_COMPILATION_MODE = wholemodule;
				VALIDATE_PRODUCT = YES;
			};
			name = Release;
		};
		D0591B652F2F1BB100AE7947 /* Debug */ = {
			isa = XCBuildConfiguration;
			buildSettings = {
				BUNDLE_LOADER = "$(TEST_HOST)";
				CODE_SIGN_STYLE = Automatic;
				CURRENT_PROJECT_VERSION = 1;
				DEVELOPMENT_TEAM = 9K2XM38XLK;
				GENERATE_INFOPLIST_FILE = YES;
				IPHONEOS_DEPLOYMENT_TARGET = 26.2;
				MARKETING_VERSION = 1.0;
				PRODUCT_BUNDLE_IDENTIFIER = "com.michelguo.Film-Data-TaggerTests";
				PRODUCT_NAME = "$(TARGET_NAME)";
				STRING_CATALOG_GENERATE_SYMBOLS = NO;
				SWIFT_APPROACHABLE_CONCURRENCY = YES;
				SWIFT_EMIT_LOC_STRINGS = NO;
				SWIFT_UPCOMING_FEATURE_MEMBER_IMPORT_VISIBILITY = YES;
				SWIFT_VERSION = 5.0;
				TARGETED_DEVICE_FAMILY = "1,2";
				TEST_HOST = "$(BUILT_PRODUCTS_DIR)/Film Data Tagger.app/$(BUNDLE_EXECUTABLE_FOLDER_PATH)/Film Data Tagger";
			};
			name = Debug;
		};
		D0591B662F2F1BB100AE7947 /* Release */ = {
			isa = XCBuildConfiguration;
			buildSettings = {
				BUNDLE_LOADER = "$(TEST_HOST)";
				CODE_SIGN_STYLE = Automatic;
				CURRENT_PROJECT_VERSION = 1;
				DEVELOPMENT_TEAM = 9K2XM38XLK;
				GENERATE_INFOPLIST_FILE = YES;
				IPHONEOS_DEPLOYMENT_TARGET = 26.2;
				MARKETING_VERSION = 1.0;
				PRODUCT_BUNDLE_IDENTIFIER = "com.michelguo.Film-Data-TaggerTests";
				PRODUCT_NAME = "$(TARGET_NAME)";
				STRING_CATALOG_GENERATE_SYMBOLS = NO;
				SWIFT_APPROACHABLE_CONCURRENCY = YES;
				SWIFT_EMIT_LOC_STRINGS = NO;
				SWIFT_UPCOMING_FEATURE_MEMBER_IMPORT_VISIBILITY = YES;
				SWIFT_VERSION = 5.0;
				TARGETED_DEVICE_FAMILY = "1,2";
				TEST_HOST = "$(BUILT_PRODUCTS_DIR)/Film Data Tagger.app/$(BUNDLE_EXECUTABLE_FOLDER_PATH)/Film Data Tagger";
			};
			name = Release;
		};
		D0591B682F2F1BB100AE7947 /* Debug */ = {
			isa = XCBuildConfiguration;
			buildSettings = {
				CODE_SIGN_STYLE = Automatic;
				CURRENT_PROJECT_VERSION = 1;
				DEVELOPMENT_TEAM = 9K2XM38XLK;
				GENERATE_INFOPLIST_FILE = YES;
				MARKETING_VERSION = 1.0;
				PRODUCT_BUNDLE_IDENTIFIER = "com.michelguo.Film-Data-TaggerUITests";
				PRODUCT_NAME = "$(TARGET_NAME)";
				STRING_CATALOG_GENERATE_SYMBOLS = NO;
				SWIFT_APPROACHABLE_CONCURRENCY = YES;
				SWIFT_EMIT_LOC_STRINGS = NO;
				SWIFT_UPCOMING_FEATURE_MEMBER_IMPORT_VISIBILITY = YES;
				SWIFT_VERSION = 5.0;
				TARGETED_DEVICE_FAMILY = "1,2";
				TEST_TARGET_NAME = "Film Data Tagger";
			};
			name = Debug;
		};
		D0591B692F2F1BB100AE7947 /* Release */ = {
			isa = XCBuildConfiguration;
			buildSettings = {
				CODE_SIGN_STYLE = Automatic;
				CURRENT_PROJECT_VERSION = 1;
				DEVELOPMENT_TEAM = 9K2XM38XLK;
				GENERATE_INFOPLIST_FILE = YES;
				MARKETING_VERSION = 1.0;
				PRODUCT_BUNDLE_IDENTIFIER = "com.michelguo.Film-Data-TaggerUITests";
				PRODUCT_NAME = "$(TARGET_NAME)";
				STRING_CATALOG_GENERATE_SYMBOLS = NO;
				SWIFT_APPROACHABLE_CONCURRENCY = YES;
				SWIFT_EMIT_LOC_STRINGS = NO;
				SWIFT_UPCOMING_FEATURE_MEMBER_IMPORT_VISIBILITY = YES;
				SWIFT_VERSION = 5.0;
				TARGETED_DEVICE_FAMILY = "1,2";
				TEST_TARGET_NAME = "Film Data Tagger";
			};
			name = Release;
		};
/* End XCBuildConfiguration section */

/* Begin XCConfigurationList section */
		D0591B362F2F1BAF00AE7947 /* Build configuration list for PBXProject "Film Data Tagger" */ = {
			isa = XCConfigurationList;
			buildConfigurations = (
				D0591B622F2F1BB100AE7947 /* Debug */,
				D0591B632F2F1BB100AE7947 /* Release */,
			);
			defaultConfigurationIsVisible = 0;
			defaultConfigurationName = Release;
		};
		D0591B5F2F2F1BB100AE7947 /* Build configuration list for PBXNativeTarget "Film Data Tagger" */ = {
			isa = XCConfigurationList;
			buildConfigurations = (
				D0591B602F2F1BB100AE7947 /* Debug */,
				D0591B612F2F1BB100AE7947 /* Release */,
			);
			defaultConfigurationIsVisible = 0;
			defaultConfigurationName = Release;
		};
		D0591B642F2F1BB100AE7947 /* Build configuration list for PBXNativeTarget "Film Data TaggerTests" */ = {
			isa = XCConfigurationList;
			buildConfigurations = (
				D0591B652F2F1BB100AE7947 /* Debug */,
				D0591B662F2F1BB100AE7947 /* Release */,
			);
			defaultConfigurationIsVisible = 0;
			defaultConfigurationName = Release;
		};
		D0591B672F2F1BB100AE7947 /* Build configuration list for PBXNativeTarget "Film Data TaggerUITests" */ = {
			isa = XCConfigurationList;
			buildConfigurations = (
				D0591B682F2F1BB100AE7947 /* Debug */,
				D0591B692F2F1BB100AE7947 /* Release */,
			);
			defaultConfigurationIsVisible = 0;
			defaultConfigurationName = Release;
		};
/* End XCConfigurationList section */
	};
	rootObject = D0591B332F2F1BAF00AE7947 /* Project object */;
}
